
Microsoft Visual Studio Solution File, Format Version 12.00
# Visual Studio Version 17
VisualStudioVersion = 17.2.32526.322
MinimumVisualStudioVersion = 10.0.40219.1
Project("{FAE04EC0-301F-11D3-BF4B-00C04F79EFBC}") = "ForEach_and_Switch", "ForEach_and_Switch.csproj", "{1E5D19EE-0361-43CC-B233-647F5F058FED}"
EndProject
Global
	GlobalSection(SolutionConfigurationPlatforms) = preSolution
		Debug|Any CPU = Debug|Any CPU
		Release|Any CPU = Release|Any CPU
	EndGlobalSection
	GlobalSection(ProjectConfigurationPlatforms) = postSolution
		{1E5D19EE-0361-43CC-B233-647F5F058FED}.Debug|Any CPU.ActiveCfg = Debug|Any CPU
		{1E5D19EE-0361-43CC-B233-647F5F058FED}.Debug|Any CPU.Build.0 = Debug|Any CPU
		{1E5D19EE-0361-43CC-B233-647F5F058FED}.Release|Any CPU.ActiveCfg = Release|Any CPU
		{1E5D19EE-0361-43CC-B233-647F5F058FED}.Release|Any CPU.Build.0 = Release|Any CPU
	EndGlobalSection
	GlobalSection(SolutionProperties) = preSolution
		HideSolutionNode = FALSE
	EndGlobalSection
	GlobalSection(ExtensibilityGlobals) = postSolution
		SolutionGuid = {155FB564-017D-475C-B59E-5810B81A7E86}
	EndGlobalSection
EndGlobal
